// !$*UTF8*$!
{
	archiveVersion = 1;
	classes = {
	};
	objectVersion = 46;
	objects = {

/* Begin PBXBuildFile section */
		030EED6B444685DCE062ACBB /* AProductDescriptionType.swift in Sources */ = {isa = PBXBuildFile; fileRef = A8906CB38D781602A6A82FE0 /* AProductDescriptionType.swift */; };
		1277F7611F8E66AF0060AF58 /* SAPLogo@2x.png in Resources */ = {isa = PBXBuildFile; fileRef = 1277F7601F8E66AC0060AF58 /* SAPLogo@2x.png */; };
		128B53061F8E667000E64DF6 /* SnapshotViewController.swift in Sources */ = {isa = PBXBuildFile; fileRef = 128B53051F8E667000E64DF6 /* SnapshotViewController.swift */; };
		12D066CF1F4DDB0E0075EBA4 /* ConfigurationProvider.plist in Resources */ = {isa = PBXBuildFile; fileRef = 12D066CE1F4DDB0A0075EBA4 /* ConfigurationProvider.plist */; };
		12E84FE51F4ECF220061C99E /* OnboardingManager.swift in Sources */ = {isa = PBXBuildFile; fileRef = 12E84FDE1F4EBD460061C99E /* OnboardingManager.swift */; };
		1C0BE1DCEBFF42619BA6BFD7 /* AProductType.swift in Sources */ = {isa = PBXBuildFile; fileRef = 8DADEF4BE82CECE3D1527451 /* AProductType.swift */; };
		1E4F7C20719C41B786FD9B19 /* APIPRODUCTSRVEntitiesMetadataChanges.swift in Sources */ = {isa = PBXBuildFile; fileRef = 81E5F17999D467D4A0414BC0 /* APIPRODUCTSRVEntitiesMetadataChanges.swift */; };
		2F58C1D328A2F0D22E5CCDB8 /* AProductPlantType.swift in Sources */ = {isa = PBXBuildFile; fileRef = 187FB37AB66256690F47BCEF /* AProductPlantType.swift */; };
		4A38BB82316553D945C7B2AB /* AProductSalesDeliveryType.swift in Sources */ = {isa = PBXBuildFile; fileRef = EB3439425103FB45350CA1CA /* AProductSalesDeliveryType.swift */; };
		57B31237937862CC66DE15C6 /* APIPRODUCTSRVEntitiesMetadata.swift in Sources */ = {isa = PBXBuildFile; fileRef = C56640499295C89512D5D70E /* APIPRODUCTSRVEntitiesMetadata.swift */; };
		5ED092625D99392AA9874357 /* APIPRODUCTSRVEntitiesMetadataText.swift in Sources */ = {isa = PBXBuildFile; fileRef = C55CDAA3A0A6BA0064581129 /* APIPRODUCTSRVEntitiesMetadataText.swift */; };
		7A1315B91D4B982000A5DA56 /* AppDelegate.swift in Sources */ = {isa = PBXBuildFile; fileRef = 7A1315B81D4B982000A5DA56 /* AppDelegate.swift */; };
		7A1315C21D4B982000A5DA56 /* Assets.xcassets in Resources */ = {isa = PBXBuildFile; fileRef = 7A1315C11D4B982000A5DA56 /* Assets.xcassets */; };
		7A1315C51D4B982000A5DA56 /* LaunchScreen.storyboard in Resources */ = {isa = PBXBuildFile; fileRef = 7A1315C31D4B982000A5DA56 /* LaunchScreen.storyboard */; };
		7A16F06D1FD1B3C700D2FABD /* README.md in Resources */ = {isa = PBXBuildFile; fileRef = 7A16F06C1FD1B3C700D2FABD /* README.md */; };
		7A26CA1C1F31BA8800B156B6 /* CellCreationHelper.swift in Sources */ = {isa = PBXBuildFile; fileRef = 7A26CA1B1F31BA8800B156B6 /* CellCreationHelper.swift */; };
		7A9F6FF61F3883D3000A1815 /* SAPFioriLoadingIndicator.swift in Sources */ = {isa = PBXBuildFile; fileRef = 7A9F6FF51F3883D3000A1815 /* SAPFioriLoadingIndicator.swift */; };
		A5A005398D6FFF3FADC351E0 /* APIPRODUCTSRVEntitiesMetadataParser.swift in Sources */ = {isa = PBXBuildFile; fileRef = 6E9266C1F27CB549BCAF34B9 /* APIPRODUCTSRVEntitiesMetadataParser.swift */; };
		A8F1068743CDED9B712C9A41 /* APIPRODUCTSRVEntities.swift in Sources */ = {isa = PBXBuildFile; fileRef = F209E38655C7BF64A02DF2DE /* APIPRODUCTSRVEntities.swift */; };
		ABA3A414D6F230DAFBAB532E /* APIPRODUCTSRVEntitiesFactory.swift in Sources */ = {isa = PBXBuildFile; fileRef = DABAA40F22C46AA6C1C5DC46 /* APIPRODUCTSRVEntitiesFactory.swift */; };
		B113A2532047FBA4009BB61F /* PlantDetailViewController.swift in Sources */ = {isa = PBXBuildFile; fileRef = B113A2522047FBA4009BB61F /* PlantDetailViewController.swift */; };
		B113A2552047FBBB009BB61F /* SalesDetailViewController.swift in Sources */ = {isa = PBXBuildFile; fileRef = B113A2542047FBBB009BB61F /* SalesDetailViewController.swift */; };
		B113A2572047FC1B009BB61F /* DescriptionDetailViewController.swift in Sources */ = {isa = PBXBuildFile; fileRef = B113A2562047FC1B009BB61F /* DescriptionDetailViewController.swift */; };
		B1430B3320289723009AFA40 /* MasterViewController.swift in Sources */ = {isa = PBXBuildFile; fileRef = B1430B3220289723009AFA40 /* MasterViewController.swift */; };
		B1430B352028974B009AFA40 /* DetailViewController.swift in Sources */ = {isa = PBXBuildFile; fileRef = B1430B342028974B009AFA40 /* DetailViewController.swift */; };
		B177C44A21F9E0E800B63FBE /* ServiceConfiguration.swift in Sources */ = {isa = PBXBuildFile; fileRef = B177C44921F9E0E800B63FBE /* ServiceConfiguration.swift */; };
		B18098BC204D3A970080673D /* CustomCellCreator.swift in Sources */ = {isa = PBXBuildFile; fileRef = B18098BB204D3A970080673D /* CustomCellCreator.swift */; };
		B1D767E2205320750091AC8A /* SectionTableViewCell.swift in Sources */ = {isa = PBXBuildFile; fileRef = B1D767E0205320750091AC8A /* SectionTableViewCell.swift */; };
		B1D767E3205320750091AC8A /* SectionTableViewCell.xib in Resources */ = {isa = PBXBuildFile; fileRef = B1D767E1205320750091AC8A /* SectionTableViewCell.xib */; };
		B1F4D73121F089FD003EA5A3 /* SAPCommon.framework in Frameworks */ = {isa = PBXBuildFile; fileRef = B1F4D72B21F089FC003EA5A3 /* SAPCommon.framework */; };
		B1F4D73221F089FD003EA5A3 /* SAPCommon.framework in Embed Frameworks */ = {isa = PBXBuildFile; fileRef = B1F4D72B21F089FC003EA5A3 /* SAPCommon.framework */; settings = {ATTRIBUTES = (CodeSignOnCopy, RemoveHeadersOnCopy, ); }; };
		B1F4D73321F089FD003EA5A3 /* SAPFoundation.framework in Frameworks */ = {isa = PBXBuildFile; fileRef = B1F4D72C21F089FC003EA5A3 /* SAPFoundation.framework */; };
		B1F4D73421F089FD003EA5A3 /* SAPFoundation.framework in Embed Frameworks */ = {isa = PBXBuildFile; fileRef = B1F4D72C21F089FC003EA5A3 /* SAPFoundation.framework */; settings = {ATTRIBUTES = (CodeSignOnCopy, RemoveHeadersOnCopy, ); }; };
		B1F4D73521F089FD003EA5A3 /* SAPOfflineOData.framework in Frameworks */ = {isa = PBXBuildFile; fileRef = B1F4D72D21F089FD003EA5A3 /* SAPOfflineOData.framework */; };
		B1F4D73621F089FD003EA5A3 /* SAPOfflineOData.framework in Embed Frameworks */ = {isa = PBXBuildFile; fileRef = B1F4D72D21F089FD003EA5A3 /* SAPOfflineOData.framework */; settings = {ATTRIBUTES = (CodeSignOnCopy, RemoveHeadersOnCopy, ); }; };
		B1F4D73721F089FD003EA5A3 /* SAPOData.framework in Frameworks */ = {isa = PBXBuildFile; fileRef = B1F4D72E21F089FD003EA5A3 /* SAPOData.framework */; };
		B1F4D73821F089FD003EA5A3 /* SAPOData.framework in Embed Frameworks */ = {isa = PBXBuildFile; fileRef = B1F4D72E21F089FD003EA5A3 /* SAPOData.framework */; settings = {ATTRIBUTES = (CodeSignOnCopy, RemoveHeadersOnCopy, ); }; };
		B1F4D73921F089FD003EA5A3 /* SAPFiori.framework in Frameworks */ = {isa = PBXBuildFile; fileRef = B1F4D72F21F089FD003EA5A3 /* SAPFiori.framework */; };
		B1F4D73A21F089FD003EA5A3 /* SAPFiori.framework in Embed Frameworks */ = {isa = PBXBuildFile; fileRef = B1F4D72F21F089FD003EA5A3 /* SAPFiori.framework */; settings = {ATTRIBUTES = (CodeSignOnCopy, RemoveHeadersOnCopy, ); }; };
		B1F4D73B21F089FD003EA5A3 /* SAPFioriFlows.framework in Frameworks */ = {isa = PBXBuildFile; fileRef = B1F4D73021F089FD003EA5A3 /* SAPFioriFlows.framework */; };
		B1F4D73C21F089FD003EA5A3 /* SAPFioriFlows.framework in Embed Frameworks */ = {isa = PBXBuildFile; fileRef = B1F4D73021F089FD003EA5A3 /* SAPFioriFlows.framework */; settings = {ATTRIBUTES = (CodeSignOnCopy, RemoveHeadersOnCopy, ); }; };
		B1FD79DD20518D57009290F7 /* SectionHandler.swift in Sources */ = {isa = PBXBuildFile; fileRef = B1FD79DC20518D57009290F7 /* SectionHandler.swift */; };
		B766293BC4DA9A46D2A4C8BC /* APIPRODUCTSRVEntitiesStaticResolver.swift in Sources */ = {isa = PBXBuildFile; fileRef = F7FA2DCC726E5D04904029C9 /* APIPRODUCTSRVEntitiesStaticResolver.swift */; };
		CBCA7A991E3778A9001AF49E /* Main.storyboard in Resources */ = {isa = PBXBuildFile; fileRef = CBCA7A9B1E3778A9001AF49E /* Main.storyboard */; };
/* End PBXBuildFile section */

/* Begin PBXCopyFilesBuildPhase section */
		B1F4D73D21F089FD003EA5A3 /* Embed Frameworks */ = {
			isa = PBXCopyFilesBuildPhase;
			buildActionMask = 2147483647;
			dstPath = "";
			dstSubfolderSpec = 10;
			files = (
				B1F4D73421F089FD003EA5A3 /* SAPFoundation.framework in Embed Frameworks */,
				B1F4D73C21F089FD003EA5A3 /* SAPFioriFlows.framework in Embed Frameworks */,
				B1F4D73A21F089FD003EA5A3 /* SAPFiori.framework in Embed Frameworks */,
				B1F4D73221F089FD003EA5A3 /* SAPCommon.framework in Embed Frameworks */,
				B1F4D73621F089FD003EA5A3 /* SAPOfflineOData.framework in Embed Frameworks */,
				B1F4D73821F089FD003EA5A3 /* SAPOData.framework in Embed Frameworks */,
			);
			name = "Embed Frameworks";
			runOnlyForDeploymentPostprocessing = 0;
		};
/* End PBXCopyFilesBuildPhase section */

/* Begin PBXFileReference section */
		1277F7601F8E66AC0060AF58 /* SAPLogo@2x.png */ = {isa = PBXFileReference; lastKnownFileType = image.png; path = "SAPLogo@2x.png"; sourceTree = "<group>"; };
		128B53051F8E667000E64DF6 /* SnapshotViewController.swift */ = {isa = PBXFileReference; lastKnownFileType = sourcecode.swift; path = SnapshotViewController.swift; sourceTree = "<group>"; };
		12D066CE1F4DDB0A0075EBA4 /* ConfigurationProvider.plist */ = {isa = PBXFileReference; lastKnownFileType = text.plist.xml; path = ConfigurationProvider.plist; sourceTree = "<group>"; };
		12E84FDE1F4EBD460061C99E /* OnboardingManager.swift */ = {isa = PBXFileReference; lastKnownFileType = sourcecode.swift; path = OnboardingManager.swift; sourceTree = "<group>"; };
		187FB37AB66256690F47BCEF /* AProductPlantType.swift */ = {isa = PBXFileReference; includeInIndex = 1; lastKnownFileType = sourcecode.swift; name = AProductPlantType.swift; path = "Proxy Classes/com.sap.bp.productmasterapp/public/AProductPlantType.swift"; sourceTree = "<group>"; };
		6E9266C1F27CB549BCAF34B9 /* APIPRODUCTSRVEntitiesMetadataParser.swift */ = {isa = PBXFileReference; includeInIndex = 1; lastKnownFileType = sourcecode.swift; name = APIPRODUCTSRVEntitiesMetadataParser.swift; path = "Proxy Classes/com.sap.bp.productmasterapp/internal/APIPRODUCTSRVEntitiesMetadataParser.swift"; sourceTree = "<group>"; };
		7A1315B51D4B982000A5DA56 /* productmasterapp.app */ = {isa = PBXFileReference; explicitFileType = wrapper.application; includeInIndex = 0; path = productmasterapp.app; sourceTree = BUILT_PRODUCTS_DIR; };
		7A1315B81D4B982000A5DA56 /* AppDelegate.swift */ = {isa = PBXFileReference; lastKnownFileType = sourcecode.swift; path = AppDelegate.swift; sourceTree = "<group>"; };
		7A1315C11D4B982000A5DA56 /* Assets.xcassets */ = {isa = PBXFileReference; lastKnownFileType = folder.assetcatalog; path = Assets.xcassets; sourceTree = "<group>"; };
		7A1315C41D4B982000A5DA56 /* Base */ = {isa = PBXFileReference; lastKnownFileType = file.storyboard; name = Base; path = Base.lproj/LaunchScreen.storyboard; sourceTree = "<group>"; };
		7A1315C61D4B982000A5DA56 /* Info.plist */ = {isa = PBXFileReference; lastKnownFileType = text.plist.xml; path = Info.plist; sourceTree = "<group>"; };
		7A16F06C1FD1B3C700D2FABD /* README.md */ = {isa = PBXFileReference; fileEncoding = 4; lastKnownFileType = net.daringfireball.markdown; path = README.md; sourceTree = "<group>"; };
		7A26CA1B1F31BA8800B156B6 /* CellCreationHelper.swift */ = {isa = PBXFileReference; fileEncoding = 4; lastKnownFileType = sourcecode.swift; path = CellCreationHelper.swift; sourceTree = "<group>"; };
		7A9F6FF51F3883D3000A1815 /* SAPFioriLoadingIndicator.swift */ = {isa = PBXFileReference; fileEncoding = 4; lastKnownFileType = sourcecode.swift; path = SAPFioriLoadingIndicator.swift; sourceTree = "<group>"; };
		81E5F17999D467D4A0414BC0 /* APIPRODUCTSRVEntitiesMetadataChanges.swift */ = {isa = PBXFileReference; includeInIndex = 1; lastKnownFileType = sourcecode.swift; name = APIPRODUCTSRVEntitiesMetadataChanges.swift; path = "Proxy Classes/com.sap.bp.productmasterapp/internal/APIPRODUCTSRVEntitiesMetadataChanges.swift"; sourceTree = "<group>"; };
		8DADEF4BE82CECE3D1527451 /* AProductType.swift */ = {isa = PBXFileReference; includeInIndex = 1; lastKnownFileType = sourcecode.swift; name = AProductType.swift; path = "Proxy Classes/com.sap.bp.productmasterapp/public/AProductType.swift"; sourceTree = "<group>"; };
		A8906CB38D781602A6A82FE0 /* AProductDescriptionType.swift */ = {isa = PBXFileReference; includeInIndex = 1; lastKnownFileType = sourcecode.swift; name = AProductDescriptionType.swift; path = "Proxy Classes/com.sap.bp.productmasterapp/public/AProductDescriptionType.swift"; sourceTree = "<group>"; };
		B113A2522047FBA4009BB61F /* PlantDetailViewController.swift */ = {isa = PBXFileReference; lastKnownFileType = sourcecode.swift; path = PlantDetailViewController.swift; sourceTree = "<group>"; };
		B113A2542047FBBB009BB61F /* SalesDetailViewController.swift */ = {isa = PBXFileReference; lastKnownFileType = sourcecode.swift; path = SalesDetailViewController.swift; sourceTree = "<group>"; };
		B113A2562047FC1B009BB61F /* DescriptionDetailViewController.swift */ = {isa = PBXFileReference; lastKnownFileType = sourcecode.swift; path = DescriptionDetailViewController.swift; sourceTree = "<group>"; };
		B1430B3220289723009AFA40 /* MasterViewController.swift */ = {isa = PBXFileReference; lastKnownFileType = sourcecode.swift; path = MasterViewController.swift; sourceTree = "<group>"; };
		B1430B342028974B009AFA40 /* DetailViewController.swift */ = {isa = PBXFileReference; lastKnownFileType = sourcecode.swift; path = DetailViewController.swift; sourceTree = "<group>"; };
		B177C44921F9E0E800B63FBE /* ServiceConfiguration.swift */ = {isa = PBXFileReference; lastKnownFileType = sourcecode.swift; path = ServiceConfiguration.swift; sourceTree = "<group>"; };
		B18098BB204D3A970080673D /* CustomCellCreator.swift */ = {isa = PBXFileReference; lastKnownFileType = sourcecode.swift; path = CustomCellCreator.swift; sourceTree = "<group>"; };
		B1D767E0205320750091AC8A /* SectionTableViewCell.swift */ = {isa = PBXFileReference; lastKnownFileType = sourcecode.swift; path = SectionTableViewCell.swift; sourceTree = "<group>"; };
		B1D767E1205320750091AC8A /* SectionTableViewCell.xib */ = {isa = PBXFileReference; lastKnownFileType = file.xib; path = SectionTableViewCell.xib; sourceTree = "<group>"; };
		B1EA9184208DD827004AD872 /* SAPOfflineOData.framework */ = {isa = PBXFileReference; lastKnownFileType = wrapper.framework; path = SAPOfflineOData.framework; sourceTree = "<group>"; };
		B1EA9185208DD828004AD872 /* SAPFioriFlows.framework */ = {isa = PBXFileReference; lastKnownFileType = wrapper.framework; path = SAPFioriFlows.framework; sourceTree = "<group>"; };
		B1EA9186208DD828004AD872 /* SAPOData.framework */ = {isa = PBXFileReference; lastKnownFileType = wrapper.framework; path = SAPOData.framework; sourceTree = "<group>"; };
		B1EA9187208DD828004AD872 /* SAPFiori.framework */ = {isa = PBXFileReference; lastKnownFileType = wrapper.framework; path = SAPFiori.framework; sourceTree = "<group>"; };
		B1EA9188208DD828004AD872 /* SAPFoundation.framework */ = {isa = PBXFileReference; lastKnownFileType = wrapper.framework; path = SAPFoundation.framework; sourceTree = "<group>"; };
		B1EA9189208DD828004AD872 /* SAPCommon.framework */ = {isa = PBXFileReference; lastKnownFileType = wrapper.framework; path = SAPCommon.framework; sourceTree = "<group>"; };
		B1F4D72B21F089FC003EA5A3 /* SAPCommon.framework */ = {isa = PBXFileReference; lastKnownFileType = wrapper.framework; path = SAPCommon.framework; sourceTree = "<group>"; };
		B1F4D72C21F089FC003EA5A3 /* SAPFoundation.framework */ = {isa = PBXFileReference; lastKnownFileType = wrapper.framework; path = SAPFoundation.framework; sourceTree = "<group>"; };
		B1F4D72D21F089FD003EA5A3 /* SAPOfflineOData.framework */ = {isa = PBXFileReference; lastKnownFileType = wrapper.framework; path = SAPOfflineOData.framework; sourceTree = "<group>"; };
		B1F4D72E21F089FD003EA5A3 /* SAPOData.framework */ = {isa = PBXFileReference; lastKnownFileType = wrapper.framework; path = SAPOData.framework; sourceTree = "<group>"; };
		B1F4D72F21F089FD003EA5A3 /* SAPFiori.framework */ = {isa = PBXFileReference; lastKnownFileType = wrapper.framework; path = SAPFiori.framework; sourceTree = "<group>"; };
		B1F4D73021F089FD003EA5A3 /* SAPFioriFlows.framework */ = {isa = PBXFileReference; lastKnownFileType = wrapper.framework; path = SAPFioriFlows.framework; sourceTree = "<group>"; };
		B1FD79DC20518D57009290F7 /* SectionHandler.swift */ = {isa = PBXFileReference; lastKnownFileType = sourcecode.swift; path = SectionHandler.swift; sourceTree = "<group>"; };
		C55CDAA3A0A6BA0064581129 /* APIPRODUCTSRVEntitiesMetadataText.swift */ = {isa = PBXFileReference; includeInIndex = 1; lastKnownFileType = sourcecode.swift; name = APIPRODUCTSRVEntitiesMetadataText.swift; path = "Proxy Classes/com.sap.bp.productmasterapp/internal/APIPRODUCTSRVEntitiesMetadataText.swift"; sourceTree = "<group>"; };
		C56640499295C89512D5D70E /* APIPRODUCTSRVEntitiesMetadata.swift */ = {isa = PBXFileReference; includeInIndex = 1; lastKnownFileType = sourcecode.swift; name = APIPRODUCTSRVEntitiesMetadata.swift; path = "Proxy Classes/com.sap.bp.productmasterapp/public/APIPRODUCTSRVEntitiesMetadata.swift"; sourceTree = "<group>"; };
		CB909D801E38CA8800218154 /* Base */ = {isa = PBXFileReference; lastKnownFileType = file.storyboard; name = Base; path = Base.lproj/Main.storyboard; sourceTree = "<group>"; };
		DABAA40F22C46AA6C1C5DC46 /* APIPRODUCTSRVEntitiesFactory.swift */ = {isa = PBXFileReference; includeInIndex = 1; lastKnownFileType = sourcecode.swift; name = APIPRODUCTSRVEntitiesFactory.swift; path = "Proxy Classes/com.sap.bp.productmasterapp/internal/APIPRODUCTSRVEntitiesFactory.swift"; sourceTree = "<group>"; };
		EB3439425103FB45350CA1CA /* AProductSalesDeliveryType.swift */ = {isa = PBXFileReference; includeInIndex = 1; lastKnownFileType = sourcecode.swift; name = AProductSalesDeliveryType.swift; path = "Proxy Classes/com.sap.bp.productmasterapp/public/AProductSalesDeliveryType.swift"; sourceTree = "<group>"; };
		F209E38655C7BF64A02DF2DE /* APIPRODUCTSRVEntities.swift */ = {isa = PBXFileReference; includeInIndex = 1; lastKnownFileType = sourcecode.swift; name = APIPRODUCTSRVEntities.swift; path = "Proxy Classes/com.sap.bp.productmasterapp/public/APIPRODUCTSRVEntities.swift"; sourceTree = "<group>"; };
		F7FA2DCC726E5D04904029C9 /* APIPRODUCTSRVEntitiesStaticResolver.swift */ = {isa = PBXFileReference; includeInIndex = 1; lastKnownFileType = sourcecode.swift; name = APIPRODUCTSRVEntitiesStaticResolver.swift; path = "Proxy Classes/com.sap.bp.productmasterapp/internal/APIPRODUCTSRVEntitiesStaticResolver.swift"; sourceTree = "<group>"; };
/* End PBXFileReference section */

/* Begin PBXFrameworksBuildPhase section */
		7A1315B21D4B982000A5DA56 /* Frameworks */ = {
			isa = PBXFrameworksBuildPhase;
			buildActionMask = 2147483647;
			files = (
				B1F4D73321F089FD003EA5A3 /* SAPFoundation.framework in Frameworks */,
				B1F4D73B21F089FD003EA5A3 /* SAPFioriFlows.framework in Frameworks */,
				B1F4D73921F089FD003EA5A3 /* SAPFiori.framework in Frameworks */,
				B1F4D73121F089FD003EA5A3 /* SAPCommon.framework in Frameworks */,
				B1F4D73521F089FD003EA5A3 /* SAPOfflineOData.framework in Frameworks */,
				B1F4D73721F089FD003EA5A3 /* SAPOData.framework in Frameworks */,
			);
			runOnlyForDeploymentPostprocessing = 0;
		};
/* End PBXFrameworksBuildPhase section */

/* Begin PBXGroup section */
		12D066CB1F4DDAE40075EBA4 /* Onboarding */ = {
			isa = PBXGroup;
			children = (
				12D066CE1F4DDB0A0075EBA4 /* ConfigurationProvider.plist */,
				12E84FDE1F4EBD460061C99E /* OnboardingManager.swift */,
			);
			name = Onboarding;
			sourceTree = "<group>";
		};
		1739BDC41B0B25CC4433CC60 /* public */ = {
			isa = PBXGroup;
			children = (
				C56640499295C89512D5D70E /* APIPRODUCTSRVEntitiesMetadata.swift */,
				187FB37AB66256690F47BCEF /* AProductPlantType.swift */,
				EB3439425103FB45350CA1CA /* AProductSalesDeliveryType.swift */,
				F209E38655C7BF64A02DF2DE /* APIPRODUCTSRVEntities.swift */,
				8DADEF4BE82CECE3D1527451 /* AProductType.swift */,
				A8906CB38D781602A6A82FE0 /* AProductDescriptionType.swift */,
			);
			name = public;
			sourceTree = "<group>";
		};
		2A2FB7503C6DF6A69F707993 /* internal */ = {
			isa = PBXGroup;
			children = (
				6E9266C1F27CB549BCAF34B9 /* APIPRODUCTSRVEntitiesMetadataParser.swift */,
				81E5F17999D467D4A0414BC0 /* APIPRODUCTSRVEntitiesMetadataChanges.swift */,
				DABAA40F22C46AA6C1C5DC46 /* APIPRODUCTSRVEntitiesFactory.swift */,
				F7FA2DCC726E5D04904029C9 /* APIPRODUCTSRVEntitiesStaticResolver.swift */,
				C55CDAA3A0A6BA0064581129 /* APIPRODUCTSRVEntitiesMetadataText.swift */,
			);
			name = internal;
			sourceTree = "<group>";
		};
		755C10B41D5C63B000ECF6A2 /* Utils */ = {
			isa = PBXGroup;
			children = (
				7A9F6FF51F3883D3000A1815 /* SAPFioriLoadingIndicator.swift */,
				7A26CA1B1F31BA8800B156B6 /* CellCreationHelper.swift */,
				B18098BB204D3A970080673D /* CustomCellCreator.swift */,
				B1FD79DC20518D57009290F7 /* SectionHandler.swift */,
				B177C44921F9E0E800B63FBE /* ServiceConfiguration.swift */,
			);
			name = Utils;
			sourceTree = "<group>";
		};
		75AC42C81DAF80C000B445FF /* ViewControllers */ = {
			isa = PBXGroup;
			children = (
				128B53051F8E667000E64DF6 /* SnapshotViewController.swift */,
				B1430B3220289723009AFA40 /* MasterViewController.swift */,
				B1430B342028974B009AFA40 /* DetailViewController.swift */,
				B113A2562047FC1B009BB61F /* DescriptionDetailViewController.swift */,
				B113A2522047FBA4009BB61F /* PlantDetailViewController.swift */,
				B113A2542047FBBB009BB61F /* SalesDetailViewController.swift */,
				75D373EF1DD1FB0800888D4C /* Proxy Classes */,
				B1D767E0205320750091AC8A /* SectionTableViewCell.swift */,
			);
			name = ViewControllers;
			sourceTree = "<group>";
		};
		75D373EF1DD1FB0800888D4C /* Proxy Classes */ = {
			isa = PBXGroup;
			children = (
				2A2FB7503C6DF6A69F707993 /* internal */,
				1739BDC41B0B25CC4433CC60 /* public */,
			);
			name = "Proxy Classes";
			sourceTree = "<group>";
		};
		7A1315AC1D4B982000A5DA56 = {
			isa = PBXGroup;
			children = (
				7A16F06C1FD1B3C700D2FABD /* README.md */,
				7A1315B71D4B982000A5DA56 /* productmasterapp */,
				7A1315B61D4B982000A5DA56 /* Products */,
				7A1315CC1D4B990B00A5DA56 /* Frameworks */,
			);
			sourceTree = "<group>";
		};
		7A1315B61D4B982000A5DA56 /* Products */ = {
			isa = PBXGroup;
			children = (
				7A1315B51D4B982000A5DA56 /* productmasterapp.app */,
			);
			name = Products;
			sourceTree = "<group>";
		};
		7A1315B71D4B982000A5DA56 /* productmasterapp */ = {
			isa = PBXGroup;
			children = (
				12D066CB1F4DDAE40075EBA4 /* Onboarding */,
				75AC42C81DAF80C000B445FF /* ViewControllers */,
				755C10B41D5C63B000ECF6A2 /* Utils */,
				7A1315B81D4B982000A5DA56 /* AppDelegate.swift */,
				CBCA7A9B1E3778A9001AF49E /* Main.storyboard */,
				7A1315C11D4B982000A5DA56 /* Assets.xcassets */,
				7A1315C31D4B982000A5DA56 /* LaunchScreen.storyboard */,
				1277F7601F8E66AC0060AF58 /* SAPLogo@2x.png */,
				7A1315C61D4B982000A5DA56 /* Info.plist */,
				B1D767E1205320750091AC8A /* SectionTableViewCell.xib */,
			);
			path = productmasterapp;
			sourceTree = "<group>";
		};
		7A1315CC1D4B990B00A5DA56 /* Frameworks */ = {
			isa = PBXGroup;
			children = (
				B1F4D72B21F089FC003EA5A3 /* SAPCommon.framework */,
				B1F4D72F21F089FD003EA5A3 /* SAPFiori.framework */,
				B1F4D73021F089FD003EA5A3 /* SAPFioriFlows.framework */,
				B1F4D72C21F089FC003EA5A3 /* SAPFoundation.framework */,
				B1F4D72E21F089FD003EA5A3 /* SAPOData.framework */,
				B1F4D72D21F089FD003EA5A3 /* SAPOfflineOData.framework */,
				B1EA9189208DD828004AD872 /* SAPCommon.framework */,
				B1EA9187208DD828004AD872 /* SAPFiori.framework */,
				B1EA9185208DD828004AD872 /* SAPFioriFlows.framework */,
				B1EA9188208DD828004AD872 /* SAPFoundation.framework */,
				B1EA9186208DD828004AD872 /* SAPOData.framework */,
				B1EA9184208DD827004AD872 /* SAPOfflineOData.framework */,
			);
			name = Frameworks;
			sourceTree = "<group>";
		};
/* End PBXGroup section */

/* Begin PBXNativeTarget section */
		7A1315B41D4B982000A5DA56 /* productmasterapp */ = {
			isa = PBXNativeTarget;
			buildConfigurationList = 7A1315C91D4B982000A5DA56 /* Build configuration list for PBXNativeTarget "productmasterapp" */;
			buildPhases = (
				7A1315B11D4B982000A5DA56 /* Sources */,
				7A1315B21D4B982000A5DA56 /* Frameworks */,
				7A1315B31D4B982000A5DA56 /* Resources */,
				B1F4D73D21F089FD003EA5A3 /* Embed Frameworks */,
			);
			buildRules = (
			);
			dependencies = (
			);
			name = productmasterapp;
			productName = productmasterapp;
			productReference = 7A1315B51D4B982000A5DA56 /* productmasterapp.app */;
			productType = "com.apple.product-type.application";
		};
/* End PBXNativeTarget section */

/* Begin PBXProject section */
		7A1315AD1D4B982000A5DA56 /* Project object */ = {
			isa = PBXProject;
			attributes = {
				LastSwiftUpdateCheck = 0800;
				LastUpgradeCheck = 1010;
				ORGANIZATIONNAME = SAP;
				TargetAttributes = {
					7A1315B41D4B982000A5DA56 = {
						CreatedOnToolsVersion = 8.0;
						LastSwiftMigration = 0900;
						ProvisioningStyle = Automatic;
					};
				};
			};
			buildConfigurationList = 7A1315B01D4B982000A5DA56 /* Build configuration list for PBXProject "productmasterapp" */;
			compatibilityVersion = "Xcode 3.2";
			developmentRegion = English;
			hasScannedForEncodings = 0;
			knownRegions = (
				en,
				Base,
			);
			mainGroup = 7A1315AC1D4B982000A5DA56;
			productRefGroup = 7A1315B61D4B982000A5DA56 /* Products */;
			projectDirPath = "";
			projectRoot = "";
			targets = (
				7A1315B41D4B982000A5DA56 /* productmasterapp */,
			);
		};
/* End PBXProject section */

/* Begin PBXResourcesBuildPhase section */
		7A1315B31D4B982000A5DA56 /* Resources */ = {
			isa = PBXResourcesBuildPhase;
			buildActionMask = 2147483647;
			files = (
				B1D767E3205320750091AC8A /* SectionTableViewCell.xib in Resources */,
				7A16F06D1FD1B3C700D2FABD /* README.md in Resources */,
				7A1315C51D4B982000A5DA56 /* LaunchScreen.storyboard in Resources */,
				12D066CF1F4DDB0E0075EBA4 /* ConfigurationProvider.plist in Resources */,
				7A1315C21D4B982000A5DA56 /* Assets.xcassets in Resources */,
				CBCA7A991E3778A9001AF49E /* Main.storyboard in Resources */,
				1277F7611F8E66AF0060AF58 /* SAPLogo@2x.png in Resources */,
			);
			runOnlyForDeploymentPostprocessing = 0;
		};
/* End PBXResourcesBuildPhase section */

/* Begin PBXSourcesBuildPhase section */
		7A1315B11D4B982000A5DA56 /* Sources */ = {
			isa = PBXSourcesBuildPhase;
			buildActionMask = 2147483647;
			files = (
				128B53061F8E667000E64DF6 /* SnapshotViewController.swift in Sources */,
				12E84FE51F4ECF220061C99E /* OnboardingManager.swift in Sources */,
				B1430B352028974B009AFA40 /* DetailViewController.swift in Sources */,
				B1D767E2205320750091AC8A /* SectionTableViewCell.swift in Sources */,
				B1430B3320289723009AFA40 /* MasterViewController.swift in Sources */,
				7A9F6FF61F3883D3000A1815 /* SAPFioriLoadingIndicator.swift in Sources */,
				7A26CA1C1F31BA8800B156B6 /* CellCreationHelper.swift in Sources */,
				7A1315B91D4B982000A5DA56 /* AppDelegate.swift in Sources */,
				A5A005398D6FFF3FADC351E0 /* APIPRODUCTSRVEntitiesMetadataParser.swift in Sources */,
				B113A2532047FBA4009BB61F /* PlantDetailViewController.swift in Sources */,
				1E4F7C20719C41B786FD9B19 /* APIPRODUCTSRVEntitiesMetadataChanges.swift in Sources */,
				ABA3A414D6F230DAFBAB532E /* APIPRODUCTSRVEntitiesFactory.swift in Sources */,
				B766293BC4DA9A46D2A4C8BC /* APIPRODUCTSRVEntitiesStaticResolver.swift in Sources */,
				5ED092625D99392AA9874357 /* APIPRODUCTSRVEntitiesMetadataText.swift in Sources */,
				B177C44A21F9E0E800B63FBE /* ServiceConfiguration.swift in Sources */,
				57B31237937862CC66DE15C6 /* APIPRODUCTSRVEntitiesMetadata.swift in Sources */,
				B1FD79DD20518D57009290F7 /* SectionHandler.swift in Sources */,
				2F58C1D328A2F0D22E5CCDB8 /* AProductPlantType.swift in Sources */,
				4A38BB82316553D945C7B2AB /* AProductSalesDeliveryType.swift in Sources */,
				A8F1068743CDED9B712C9A41 /* APIPRODUCTSRVEntities.swift in Sources */,
				1C0BE1DCEBFF42619BA6BFD7 /* AProductType.swift in Sources */,
				B113A2552047FBBB009BB61F /* SalesDetailViewController.swift in Sources */,
				B113A2572047FC1B009BB61F /* DescriptionDetailViewController.swift in Sources */,
				B18098BC204D3A970080673D /* CustomCellCreator.swift in Sources */,
				030EED6B444685DCE062ACBB /* AProductDescriptionType.swift in Sources */,
			);
			runOnlyForDeploymentPostprocessing = 0;
		};
/* End PBXSourcesBuildPhase section */

/* Begin PBXVariantGroup section */
		7A1315C31D4B982000A5DA56 /* LaunchScreen.storyboard */ = {
			isa = PBXVariantGroup;
			children = (
				7A1315C41D4B982000A5DA56 /* Base */,
			);
			name = LaunchScreen.storyboard;
			sourceTree = "<group>";
		};
		CBCA7A9B1E3778A9001AF49E /* Main.storyboard */ = {
			isa = PBXVariantGroup;
			children = (
				CB909D801E38CA8800218154 /* Base */,
			);
			name = Main.storyboard;
			sourceTree = "<group>";
		};
/* End PBXVariantGroup section */

/* Begin XCBuildConfiguration section */
		7A1315C71D4B982000A5DA56 /* Debug */ = {
			isa = XCBuildConfiguration;
			buildSettings = {
				ALWAYS_SEARCH_USER_PATHS = NO;
				CLANG_ANALYZER_NONNULL = YES;
				CLANG_CXX_LANGUAGE_STANDARD = "gnu++0x";
				CLANG_CXX_LIBRARY = "libc++";
				CLANG_ENABLE_MODULES = YES;
				CLANG_ENABLE_OBJC_ARC = YES;
				CLANG_WARN_BLOCK_CAPTURE_AUTORELEASING = YES;
				CLANG_WARN_BOOL_CONVERSION = YES;
				CLANG_WARN_COMMA = YES;
				CLANG_WARN_CONSTANT_CONVERSION = YES;
				CLANG_WARN_DEPRECATED_OBJC_IMPLEMENTATIONS = YES;
				CLANG_WARN_DIRECT_OBJC_ISA_USAGE = YES_ERROR;
				CLANG_WARN_DOCUMENTATION_COMMENTS = YES;
				CLANG_WARN_EMPTY_BODY = YES;
				CLANG_WARN_ENUM_CONVERSION = YES;
				CLANG_WARN_INFINITE_RECURSION = YES;
				CLANG_WARN_INT_CONVERSION = YES;
				CLANG_WARN_NON_LITERAL_NULL_CONVERSION = YES;
				CLANG_WARN_OBJC_IMPLICIT_RETAIN_SELF = YES;
				CLANG_WARN_OBJC_LITERAL_CONVERSION = YES;
				CLANG_WARN_OBJC_ROOT_CLASS = YES_ERROR;
				CLANG_WARN_RANGE_LOOP_ANALYSIS = YES;
				CLANG_WARN_STRICT_PROTOTYPES = YES;
				CLANG_WARN_SUSPICIOUS_MOVE = YES;
				CLANG_WARN_UNREACHABLE_CODE = YES;
				CLANG_WARN__DUPLICATE_METHOD_MATCH = YES;
				"CODE_SIGN_IDENTITY[sdk=iphoneos*]" = "iPhone Developer";
				COPY_PHASE_STRIP = NO;
				DEBUG_INFORMATION_FORMAT = dwarf;
				ENABLE_STRICT_OBJC_MSGSEND = YES;
				ENABLE_TESTABILITY = YES;
				GCC_C_LANGUAGE_STANDARD = gnu99;
				GCC_DYNAMIC_NO_PIC = NO;
				GCC_NO_COMMON_BLOCKS = YES;
				GCC_OPTIMIZATION_LEVEL = 0;
				GCC_PREPROCESSOR_DEFINITIONS = (
					"DEBUG=1",
					"$(inherited)",
				);
				GCC_WARN_64_TO_32_BIT_CONVERSION = YES;
				GCC_WARN_ABOUT_RETURN_TYPE = YES_ERROR;
				GCC_WARN_UNDECLARED_SELECTOR = YES;
				GCC_WARN_UNINITIALIZED_AUTOS = YES_AGGRESSIVE;
				GCC_WARN_UNUSED_FUNCTION = YES;
				GCC_WARN_UNUSED_VARIABLE = YES;
				IPHONEOS_DEPLOYMENT_TARGET = 11.1;
				LD_RUNPATH_SEARCH_PATHS = "@executable_path/Frameworks";
				MTL_ENABLE_DEBUG_INFO = YES;
				ONLY_ACTIVE_ARCH = YES;
				SDKROOT = iphoneos;
				SWIFT_ACTIVE_COMPILATION_CONDITIONS = DEBUG;
				SWIFT_OPTIMIZATION_LEVEL = "-Onone";
				SWIFT_VERSION = 4.0;
				TARGETED_DEVICE_FAMILY = "1,2";
			};
			name = Debug;
		};
		7A1315C81D4B982000A5DA56 /* Release */ = {
			isa = XCBuildConfiguration;
			buildSettings = {
				ALWAYS_SEARCH_USER_PATHS = NO;
				CLANG_ANALYZER_NONNULL = YES;
				CLANG_CXX_LANGUAGE_STANDARD = "gnu++0x";
				CLANG_CXX_LIBRARY = "libc++";
				CLANG_ENABLE_MODULES = YES;
				CLANG_ENABLE_OBJC_ARC = YES;
				CLANG_WARN_BLOCK_CAPTURE_AUTORELEASING = YES;
				CLANG_WARN_BOOL_CONVERSION = YES;
				CLANG_WARN_COMMA = YES;
				CLANG_WARN_CONSTANT_CONVERSION = YES;
				CLANG_WARN_DEPRECATED_OBJC_IMPLEMENTATIONS = YES;
				CLANG_WARN_DIRECT_OBJC_ISA_USAGE = YES_ERROR;
				CLANG_WARN_DOCUMENTATION_COMMENTS = YES;
				CLANG_WARN_EMPTY_BODY = YES;
				CLANG_WARN_ENUM_CONVERSION = YES;
				CLANG_WARN_INFINITE_RECURSION = YES;
				CLANG_WARN_INT_CONVERSION = YES;
				CLANG_WARN_NON_LITERAL_NULL_CONVERSION = YES;
				CLANG_WARN_OBJC_IMPLICIT_RETAIN_SELF = YES;
				CLANG_WARN_OBJC_LITERAL_CONVERSION = YES;
				CLANG_WARN_OBJC_ROOT_CLASS = YES_ERROR;
				CLANG_WARN_RANGE_LOOP_ANALYSIS = YES;
				CLANG_WARN_STRICT_PROTOTYPES = YES;
				CLANG_WARN_SUSPICIOUS_MOVE = YES;
				CLANG_WARN_UNREACHABLE_CODE = YES;
				CLANG_WARN__DUPLICATE_METHOD_MATCH = YES;
				"CODE_SIGN_IDENTITY[sdk=iphoneos*]" = "iPhone Developer";
				COPY_PHASE_STRIP = NO;
				DEBUG_INFORMATION_FORMAT = "dwarf-with-dsym";
				ENABLE_NS_ASSERTIONS = NO;
				ENABLE_STRICT_OBJC_MSGSEND = YES;
				GCC_C_LANGUAGE_STANDARD = gnu99;
				GCC_NO_COMMON_BLOCKS = YES;
				GCC_WARN_64_TO_32_BIT_CONVERSION = YES;
				GCC_WARN_ABOUT_RETURN_TYPE = YES_ERROR;
				GCC_WARN_UNDECLARED_SELECTOR = YES;
				GCC_WARN_UNINITIALIZED_AUTOS = YES_AGGRESSIVE;
				GCC_WARN_UNUSED_FUNCTION = YES;
				GCC_WARN_UNUSED_VARIABLE = YES;
				IPHONEOS_DEPLOYMENT_TARGET = 11.1;
				LD_RUNPATH_SEARCH_PATHS = "@executable_path/Frameworks";
				MTL_ENABLE_DEBUG_INFO = NO;
				SDKROOT = iphoneos;
				SWIFT_OPTIMIZATION_LEVEL = "-Owholemodule";
				SWIFT_VERSION = 4.0;
				TARGETED_DEVICE_FAMILY = "1,2";
				VALIDATE_PRODUCT = YES;
			};
			name = Release;
		};
		7A1315CA1D4B982000A5DA56 /* Debug */ = {
			isa = XCBuildConfiguration;
			buildSettings = {
				ASSETCATALOG_COMPILER_APPICON_NAME = AppIcon;
				CODE_SIGN_ENTITLEMENTS = "";
				CODE_SIGN_IDENTITY = "iPhone Developer";
				DEVELOPMENT_TEAM = "";
				EMBED_ASSET_PACKS_IN_PRODUCT_BUNDLE = NO;
				ENABLE_BITCODE = NO;
				FRAMEWORK_SEARCH_PATHS = (
					"$(inherited)",
					"$(PROJECT_DIR)",
				);
				INFOPLIST_FILE = productmasterapp/Info.plist;
				IPHONEOS_DEPLOYMENT_TARGET = 11.1;
				LD_RUNPATH_SEARCH_PATHS = "$(inherited) @executable_path/Frameworks";
				PRODUCT_BUNDLE_IDENTIFIER = com.sap.bp.productmasterapp;
				PRODUCT_NAME = "$(TARGET_NAME)";
				SWIFT_SWIFT3_OBJC_INFERENCE = Default;
				SWIFT_VERSION = 4.0;
			};
			name = Debug;
		};
		7A1315CB1D4B982000A5DA56 /* Release */ = {
			isa = XCBuildConfiguration;
			buildSettings = {
				ASSETCATALOG_COMPILER_APPICON_NAME = AppIcon;
				CODE_SIGN_ENTITLEMENTS = "";
				CODE_SIGN_IDENTITY = "iPhone Developer";
				DEVELOPMENT_TEAM = "";
				EMBED_ASSET_PACKS_IN_PRODUCT_BUNDLE = NO;
				ENABLE_BITCODE = NO;
				FRAMEWORK_SEARCH_PATHS = (
					"$(inherited)",
					"$(PROJECT_DIR)",
				);
				INFOPLIST_FILE = productmasterapp/Info.plist;
				IPHONEOS_DEPLOYMENT_TARGET = 11.1;
				LD_RUNPATH_SEARCH_PATHS = "$(inherited) @executable_path/Frameworks";
				PRODUCT_BUNDLE_IDENTIFIER = com.sap.bp.productmasterapp;
				PRODUCT_NAME = "$(TARGET_NAME)";
				SWIFT_SWIFT3_OBJC_INFERENCE = Default;
				SWIFT_VERSION = 4.0;
			};
			name = Release;
		};
/* End XCBuildConfiguration section */

/* Begin XCConfigurationList section */
		7A1315B01D4B982000A5DA56 /* Build configuration list for PBXProject "productmasterapp" */ = {
			isa = XCConfigurationList;
			buildConfigurations = (
				7A1315C71D4B982000A5DA56 /* Debug */,
				7A1315C81D4B982000A5DA56 /* Release */,
			);
			defaultConfigurationIsVisible = 0;
			defaultConfigurationName = Release;
		};
		7A1315C91D4B982000A5DA56 /* Build configuration list for PBXNativeTarget "productmasterapp" */ = {
			isa = XCConfigurationList;
			buildConfigurations = (
				7A1315CA1D4B982000A5DA56 /* Debug */,
				7A1315CB1D4B982000A5DA56 /* Release */,
			);
			defaultConfigurationIsVisible = 0;
			defaultConfigurationName = Release;
		};
/* End XCConfigurationList section */
	};
	rootObject = 7A1315AD1D4B982000A5DA56 /* Project object */;
}
