// !$*UTF8*$!
{
	archiveVersion = 1;
	classes = {
	};
	objectVersion = 46;
	objects = {

/* Begin PBXBuildFile section */
		1277F7611F8E66AF0060AF58 /* SAPLogo@2x.png in Resources */ = {isa = PBXBuildFile; fileRef = 1277F7601F8E66AC0060AF58 /* SAPLogo@2x.png */; };
		7A1315B91D4B982000A5DA56 /* AppDelegate.swift in Sources */ = {isa = PBXBuildFile; fileRef = 7A1315B81D4B982000A5DA56 /* AppDelegate.swift */; };
		7A1315C21D4B982000A5DA56 /* Assets.xcassets in Resources */ = {isa = PBXBuildFile; fileRef = 7A1315C11D4B982000A5DA56 /* Assets.xcassets */; };
		7A1315C51D4B982000A5DA56 /* LaunchScreen.storyboard in Resources */ = {isa = PBXBuildFile; fileRef = 7A1315C31D4B982000A5DA56 /* LaunchScreen.storyboard */; };
		7A16F06D1FD1B3C700D2FABD /* README.md in Resources */ = {isa = PBXBuildFile; fileRef = 7A16F06C1FD1B3C700D2FABD /* README.md */; };
		B10F6C17234DE2250093D953 /* QueryDefinitionHelper.swift in Sources */ = {isa = PBXBuildFile; fileRef = B10F6C16234DE2250093D953 /* QueryDefinitionHelper.swift */; };
		B11D55FB2327BB7600B7120C /* OnboardingErrorHandler.swift in Sources */ = {isa = PBXBuildFile; fileRef = B11D55F72327BB7600B7120C /* OnboardingErrorHandler.swift */; };
		B11D55FC2327BB7600B7120C /* OnboardingFlowProvider.swift in Sources */ = {isa = PBXBuildFile; fileRef = B11D55F82327BB7600B7120C /* OnboardingFlowProvider.swift */; };
		B11D55FD2327BB7600B7120C /* ApplicationUIManager.swift in Sources */ = {isa = PBXBuildFile; fileRef = B11D55F92327BB7600B7120C /* ApplicationUIManager.swift */; };
		B11D55FE2327BB7600B7120C /* ConfigurationProvider.plist in Resources */ = {isa = PBXBuildFile; fileRef = B11D55FA2327BB7600B7120C /* ConfigurationProvider.plist */; };
		B11D56022327CE1100B7120C /* AlertHelper.swift in Sources */ = {isa = PBXBuildFile; fileRef = B11D56012327CE1100B7120C /* AlertHelper.swift */; };
		B11D56082327CE9B00B7120C /* SectionHandler.swift in Sources */ = {isa = PBXBuildFile; fileRef = B11D56032327CE9B00B7120C /* SectionHandler.swift */; };
		B11D56092327CE9B00B7120C /* SAPFioriLoadingIndicator.swift in Sources */ = {isa = PBXBuildFile; fileRef = B11D56042327CE9B00B7120C /* SAPFioriLoadingIndicator.swift */; };
		B11D560A2327CE9B00B7120C /* CellHelper.swift in Sources */ = {isa = PBXBuildFile; fileRef = B11D56052327CE9B00B7120C /* CellHelper.swift */; };
		B11D560B2327CE9B00B7120C /* ServiceConfiguration.swift in Sources */ = {isa = PBXBuildFile; fileRef = B11D56062327CE9B00B7120C /* ServiceConfiguration.swift */; };
		B1B23112234376DA009CC3EB /* SAPFiori.framework in Frameworks */ = {isa = PBXBuildFile; fileRef = B1B2310C234376DA009CC3EB /* SAPFiori.framework */; };
		B1B23116234376DA009CC3EB /* SAPOfflineOData.framework in Frameworks */ = {isa = PBXBuildFile; fileRef = B1B23110234376DA009CC3EB /* SAPOfflineOData.framework */; };
		B1B23117234376DA009CC3EB /* SAPCommon.framework in Frameworks */ = {isa = PBXBuildFile; fileRef = B1B23111234376DA009CC3EB /* SAPCommon.framework */; };
		B1B23119234376FE009CC3EB /* SAPCommon.framework in Embed Frameworks */ = {isa = PBXBuildFile; fileRef = B1B23111234376DA009CC3EB /* SAPCommon.framework */; settings = {ATTRIBUTES = (CodeSignOnCopy, RemoveHeadersOnCopy, ); }; };
		B1B2311B234376FE009CC3EB /* SAPFiori.framework in Embed Frameworks */ = {isa = PBXBuildFile; fileRef = B1B2310C234376DA009CC3EB /* SAPFiori.framework */; settings = {ATTRIBUTES = (CodeSignOnCopy, RemoveHeadersOnCopy, ); }; };
		B1B2311C234376FE009CC3EB /* SAPFioriFlows.framework in Frameworks */ = {isa = PBXBuildFile; fileRef = B1B2310D234376DA009CC3EB /* SAPFioriFlows.framework */; };
		B1B2311D234376FE009CC3EB /* SAPFioriFlows.framework in Embed Frameworks */ = {isa = PBXBuildFile; fileRef = B1B2310D234376DA009CC3EB /* SAPFioriFlows.framework */; settings = {ATTRIBUTES = (CodeSignOnCopy, RemoveHeadersOnCopy, ); }; };
		B1B2311E234376FE009CC3EB /* SAPFoundation.framework in Frameworks */ = {isa = PBXBuildFile; fileRef = B1B2310E234376DA009CC3EB /* SAPFoundation.framework */; };
		B1B2311F234376FE009CC3EB /* SAPFoundation.framework in Embed Frameworks */ = {isa = PBXBuildFile; fileRef = B1B2310E234376DA009CC3EB /* SAPFoundation.framework */; settings = {ATTRIBUTES = (CodeSignOnCopy, RemoveHeadersOnCopy, ); }; };
		B1B23120234376FE009CC3EB /* SAPOData.framework in Frameworks */ = {isa = PBXBuildFile; fileRef = B1B2310F234376DA009CC3EB /* SAPOData.framework */; };
		B1B23121234376FE009CC3EB /* SAPOData.framework in Embed Frameworks */ = {isa = PBXBuildFile; fileRef = B1B2310F234376DA009CC3EB /* SAPOData.framework */; settings = {ATTRIBUTES = (CodeSignOnCopy, RemoveHeadersOnCopy, ); }; };
		B1B23123234376FE009CC3EB /* SAPOfflineOData.framework in Embed Frameworks */ = {isa = PBXBuildFile; fileRef = B1B23110234376DA009CC3EB /* SAPOfflineOData.framework */; settings = {ATTRIBUTES = (CodeSignOnCopy, RemoveHeadersOnCopy, ); }; };
		B1BC9CB72326487900E2D7E4 /* LocalizedStrings.swift in Sources */ = {isa = PBXBuildFile; fileRef = B1BC9CB62326487900E2D7E4 /* LocalizedStrings.swift */; };
		B1C603C3232B85C0003D7749 /* APIPRODUCTSRVEntitiesFactory.swift in Sources */ = {isa = PBXBuildFile; fileRef = B1C603BE232B85C0003D7749 /* APIPRODUCTSRVEntitiesFactory.swift */; };
		B1C603C4232B85C0003D7749 /* APIPRODUCTSRVEntitiesStaticResolver.swift in Sources */ = {isa = PBXBuildFile; fileRef = B1C603BF232B85C0003D7749 /* APIPRODUCTSRVEntitiesStaticResolver.swift */; };
		B1C603C5232B85C0003D7749 /* APIPRODUCTSRVEntitiesMetadataChanges.swift in Sources */ = {isa = PBXBuildFile; fileRef = B1C603C0232B85C0003D7749 /* APIPRODUCTSRVEntitiesMetadataChanges.swift */; };
		B1C603C6232B85C0003D7749 /* APIPRODUCTSRVEntitiesMetadataText.swift in Sources */ = {isa = PBXBuildFile; fileRef = B1C603C1232B85C0003D7749 /* APIPRODUCTSRVEntitiesMetadataText.swift */; };
		B1C603C7232B85C0003D7749 /* APIPRODUCTSRVEntitiesMetadataParser.swift in Sources */ = {isa = PBXBuildFile; fileRef = B1C603C2232B85C0003D7749 /* APIPRODUCTSRVEntitiesMetadataParser.swift */; };
		B1C603CF232B85CE003D7749 /* AProductDescriptionType.swift in Sources */ = {isa = PBXBuildFile; fileRef = B1C603C8232B85CE003D7749 /* AProductDescriptionType.swift */; };
		B1C603D0232B85CE003D7749 /* APIPRODUCTSRVEntitiesMetadata.swift in Sources */ = {isa = PBXBuildFile; fileRef = B1C603C9232B85CE003D7749 /* APIPRODUCTSRVEntitiesMetadata.swift */; };
		B1C603D1232B85CE003D7749 /* AProductType.swift in Sources */ = {isa = PBXBuildFile; fileRef = B1C603CA232B85CE003D7749 /* AProductType.swift */; };
		B1C603D2232B85CE003D7749 /* APIPRODUCTSRVEntities.swift in Sources */ = {isa = PBXBuildFile; fileRef = B1C603CB232B85CE003D7749 /* APIPRODUCTSRVEntities.swift */; };
		B1C603D3232B85CE003D7749 /* AProductPlantType.swift in Sources */ = {isa = PBXBuildFile; fileRef = B1C603CC232B85CE003D7749 /* AProductPlantType.swift */; };
		B1C603D4232B85CE003D7749 /* AProductSalesDeliveryType.swift in Sources */ = {isa = PBXBuildFile; fileRef = B1C603CD232B85CE003D7749 /* AProductSalesDeliveryType.swift */; };
		B1C603D5232B85CE003D7749 /* AProductBasicTextType.swift in Sources */ = {isa = PBXBuildFile; fileRef = B1C603CE232B85CE003D7749 /* AProductBasicTextType.swift */; };
		B1C6614E232FAC2100D31D6D /* SectionTableViewCell.xib in Resources */ = {isa = PBXBuildFile; fileRef = B1C66147232FAC2000D31D6D /* SectionTableViewCell.xib */; };
		B1C6614F232FAC2100D31D6D /* DescriptionDetailViewController.swift in Sources */ = {isa = PBXBuildFile; fileRef = B1C66148232FAC2000D31D6D /* DescriptionDetailViewController.swift */; };
		B1C66150232FAC2100D31D6D /* SectionTableViewCell.swift in Sources */ = {isa = PBXBuildFile; fileRef = B1C66149232FAC2000D31D6D /* SectionTableViewCell.swift */; };
		B1C66151232FAC2100D31D6D /* SalesDetailViewController.swift in Sources */ = {isa = PBXBuildFile; fileRef = B1C6614A232FAC2100D31D6D /* SalesDetailViewController.swift */; };
		B1C66152232FAC2100D31D6D /* MasterViewController.swift in Sources */ = {isa = PBXBuildFile; fileRef = B1C6614B232FAC2100D31D6D /* MasterViewController.swift */; };
		B1C66153232FAC2100D31D6D /* DetailViewController.swift in Sources */ = {isa = PBXBuildFile; fileRef = B1C6614C232FAC2100D31D6D /* DetailViewController.swift */; };
		B1C66154232FAC2100D31D6D /* PlantDetailViewController.swift in Sources */ = {isa = PBXBuildFile; fileRef = B1C6614D232FAC2100D31D6D /* PlantDetailViewController.swift */; };
		B1CB760D2344BDEB00A865F8 /* OfflineODataController.swift in Sources */ = {isa = PBXBuildFile; fileRef = B1CB760B2344BDEB00A865F8 /* OfflineODataController.swift */; };
		B1CB760E2344BDEB00A865F8 /* ODataOnboardingStep.swift in Sources */ = {isa = PBXBuildFile; fileRef = B1CB760C2344BDEB00A865F8 /* ODataOnboardingStep.swift */; };
		CBCA7A991E3778A9001AF49E /* Main.storyboard in Resources */ = {isa = PBXBuildFile; fileRef = CBCA7A9B1E3778A9001AF49E /* Main.storyboard */; };
/* End PBXBuildFile section */

/* Begin PBXCopyFilesBuildPhase section */
		B1B23124234376FE009CC3EB /* Embed Frameworks */ = {
			isa = PBXCopyFilesBuildPhase;
			buildActionMask = 2147483647;
			dstPath = "";
			dstSubfolderSpec = 10;
			files = (
				B1B23119234376FE009CC3EB /* SAPCommon.framework in Embed Frameworks */,
				B1B2311D234376FE009CC3EB /* SAPFioriFlows.framework in Embed Frameworks */,
				B1B23121234376FE009CC3EB /* SAPOData.framework in Embed Frameworks */,
				B1B2311F234376FE009CC3EB /* SAPFoundation.framework in Embed Frameworks */,
				B1B2311B234376FE009CC3EB /* SAPFiori.framework in Embed Frameworks */,
				B1B23123234376FE009CC3EB /* SAPOfflineOData.framework in Embed Frameworks */,
			);
			name = "Embed Frameworks";
			runOnlyForDeploymentPostprocessing = 0;
		};
/* End PBXCopyFilesBuildPhase section */

/* Begin PBXFileReference section */
		1277F7601F8E66AC0060AF58 /* SAPLogo@2x.png */ = {isa = PBXFileReference; lastKnownFileType = image.png; path = "SAPLogo@2x.png"; sourceTree = "<group>"; };
		7A1315B51D4B982000A5DA56 /* Product Master.app */ = {isa = PBXFileReference; explicitFileType = wrapper.application; includeInIndex = 0; path = "Product Master.app"; sourceTree = BUILT_PRODUCTS_DIR; };
		7A1315B81D4B982000A5DA56 /* AppDelegate.swift */ = {isa = PBXFileReference; lastKnownFileType = sourcecode.swift; path = AppDelegate.swift; sourceTree = "<group>"; };
		7A1315C11D4B982000A5DA56 /* Assets.xcassets */ = {isa = PBXFileReference; lastKnownFileType = folder.assetcatalog; path = Assets.xcassets; sourceTree = "<group>"; };
		7A1315C41D4B982000A5DA56 /* Base */ = {isa = PBXFileReference; lastKnownFileType = file.storyboard; name = Base; path = Base.lproj/LaunchScreen.storyboard; sourceTree = "<group>"; };
		7A1315C61D4B982000A5DA56 /* Info.plist */ = {isa = PBXFileReference; lastKnownFileType = text.plist.xml; path = Info.plist; sourceTree = "<group>"; };
		7A16F06C1FD1B3C700D2FABD /* README.md */ = {isa = PBXFileReference; fileEncoding = 4; lastKnownFileType = net.daringfireball.markdown; path = README.md; sourceTree = "<group>"; };
		B10F6C16234DE2250093D953 /* QueryDefinitionHelper.swift */ = {isa = PBXFileReference; fileEncoding = 4; lastKnownFileType = sourcecode.swift; name = QueryDefinitionHelper.swift; path = Utils/QueryDefinitionHelper.swift; sourceTree = "<group>"; };
		B11D55F72327BB7600B7120C /* OnboardingErrorHandler.swift */ = {isa = PBXFileReference; fileEncoding = 4; lastKnownFileType = sourcecode.swift; name = OnboardingErrorHandler.swift; path = Onboarding/OnboardingErrorHandler.swift; sourceTree = "<group>"; };
		B11D55F82327BB7600B7120C /* OnboardingFlowProvider.swift */ = {isa = PBXFileReference; fileEncoding = 4; lastKnownFileType = sourcecode.swift; name = OnboardingFlowProvider.swift; path = Onboarding/OnboardingFlowProvider.swift; sourceTree = "<group>"; };
		B11D55F92327BB7600B7120C /* ApplicationUIManager.swift */ = {isa = PBXFileReference; fileEncoding = 4; lastKnownFileType = sourcecode.swift; name = ApplicationUIManager.swift; path = Onboarding/ApplicationUIManager.swift; sourceTree = "<group>"; };
		B11D55FA2327BB7600B7120C /* ConfigurationProvider.plist */ = {isa = PBXFileReference; fileEncoding = 4; lastKnownFileType = text.plist.xml; name = ConfigurationProvider.plist; path = Onboarding/ConfigurationProvider.plist; sourceTree = "<group>"; };
		B11D56012327CE1100B7120C /* AlertHelper.swift */ = {isa = PBXFileReference; fileEncoding = 4; lastKnownFileType = sourcecode.swift; name = AlertHelper.swift; path = Utils/AlertHelper.swift; sourceTree = "<group>"; };
		B11D56032327CE9B00B7120C /* SectionHandler.swift */ = {isa = PBXFileReference; fileEncoding = 4; lastKnownFileType = sourcecode.swift; name = SectionHandler.swift; path = Utils/SectionHandler.swift; sourceTree = "<group>"; };
		B11D56042327CE9B00B7120C /* SAPFioriLoadingIndicator.swift */ = {isa = PBXFileReference; fileEncoding = 4; lastKnownFileType = sourcecode.swift; name = SAPFioriLoadingIndicator.swift; path = Utils/SAPFioriLoadingIndicator.swift; sourceTree = "<group>"; };
		B11D56052327CE9B00B7120C /* CellHelper.swift */ = {isa = PBXFileReference; fileEncoding = 4; lastKnownFileType = sourcecode.swift; name = CellHelper.swift; path = Utils/CellHelper.swift; sourceTree = "<group>"; };
		B11D56062327CE9B00B7120C /* ServiceConfiguration.swift */ = {isa = PBXFileReference; fileEncoding = 4; lastKnownFileType = sourcecode.swift; name = ServiceConfiguration.swift; path = Utils/ServiceConfiguration.swift; sourceTree = "<group>"; };
		B1B2310C234376DA009CC3EB /* SAPFiori.framework */ = {isa = PBXFileReference; lastKnownFileType = wrapper.framework; path = SAPFiori.framework; sourceTree = "<group>"; };
		B1B2310D234376DA009CC3EB /* SAPFioriFlows.framework */ = {isa = PBXFileReference; lastKnownFileType = wrapper.framework; path = SAPFioriFlows.framework; sourceTree = "<group>"; };
		B1B2310E234376DA009CC3EB /* SAPFoundation.framework */ = {isa = PBXFileReference; lastKnownFileType = wrapper.framework; path = SAPFoundation.framework; sourceTree = "<group>"; };
		B1B2310F234376DA009CC3EB /* SAPOData.framework */ = {isa = PBXFileReference; lastKnownFileType = wrapper.framework; path = SAPOData.framework; sourceTree = "<group>"; };
		B1B23110234376DA009CC3EB /* SAPOfflineOData.framework */ = {isa = PBXFileReference; lastKnownFileType = wrapper.framework; path = SAPOfflineOData.framework; sourceTree = "<group>"; };
		B1B23111234376DA009CC3EB /* SAPCommon.framework */ = {isa = PBXFileReference; lastKnownFileType = wrapper.framework; path = SAPCommon.framework; sourceTree = "<group>"; };
		B1BC9CB62326487900E2D7E4 /* LocalizedStrings.swift */ = {isa = PBXFileReference; fileEncoding = 4; lastKnownFileType = sourcecode.swift; path = LocalizedStrings.swift; sourceTree = "<group>"; };
		B1C603BE232B85C0003D7749 /* APIPRODUCTSRVEntitiesFactory.swift */ = {isa = PBXFileReference; fileEncoding = 4; lastKnownFileType = sourcecode.swift; name = APIPRODUCTSRVEntitiesFactory.swift; path = "Proxy Classes/com.sap.bp.productmasterapp/internal/APIPRODUCTSRVEntitiesFactory.swift"; sourceTree = "<group>"; };
		B1C603BF232B85C0003D7749 /* APIPRODUCTSRVEntitiesStaticResolver.swift */ = {isa = PBXFileReference; fileEncoding = 4; lastKnownFileType = sourcecode.swift; name = APIPRODUCTSRVEntitiesStaticResolver.swift; path = "Proxy Classes/com.sap.bp.productmasterapp/internal/APIPRODUCTSRVEntitiesStaticResolver.swift"; sourceTree = "<group>"; };
		B1C603C0232B85C0003D7749 /* APIPRODUCTSRVEntitiesMetadataChanges.swift */ = {isa = PBXFileReference; fileEncoding = 4; lastKnownFileType = sourcecode.swift; name = APIPRODUCTSRVEntitiesMetadataChanges.swift; path = "Proxy Classes/com.sap.bp.productmasterapp/internal/APIPRODUCTSRVEntitiesMetadataChanges.swift"; sourceTree = "<group>"; };
		B1C603C1232B85C0003D7749 /* APIPRODUCTSRVEntitiesMetadataText.swift */ = {isa = PBXFileReference; fileEncoding = 4; lastKnownFileType = sourcecode.swift; name = APIPRODUCTSRVEntitiesMetadataText.swift; path = "Proxy Classes/com.sap.bp.productmasterapp/internal/APIPRODUCTSRVEntitiesMetadataText.swift"; sourceTree = "<group>"; };
		B1C603C2232B85C0003D7749 /* APIPRODUCTSRVEntitiesMetadataParser.swift */ = {isa = PBXFileReference; fileEncoding = 4; lastKnownFileType = sourcecode.swift; name = APIPRODUCTSRVEntitiesMetadataParser.swift; path = "Proxy Classes/com.sap.bp.productmasterapp/internal/APIPRODUCTSRVEntitiesMetadataParser.swift"; sourceTree = "<group>"; };
		B1C603C8232B85CE003D7749 /* AProductDescriptionType.swift */ = {isa = PBXFileReference; fileEncoding = 4; lastKnownFileType = sourcecode.swift; name = AProductDescriptionType.swift; path = "Proxy Classes/com.sap.bp.productmasterapp/public/AProductDescriptionType.swift"; sourceTree = "<group>"; };
		B1C603C9232B85CE003D7749 /* APIPRODUCTSRVEntitiesMetadata.swift */ = {isa = PBXFileReference; fileEncoding = 4; lastKnownFileType = sourcecode.swift; name = APIPRODUCTSRVEntitiesMetadata.swift; path = "Proxy Classes/com.sap.bp.productmasterapp/public/APIPRODUCTSRVEntitiesMetadata.swift"; sourceTree = "<group>"; };
		B1C603CA232B85CE003D7749 /* AProductType.swift */ = {isa = PBXFileReference; fileEncoding = 4; lastKnownFileType = sourcecode.swift; name = AProductType.swift; path = "Proxy Classes/com.sap.bp.productmasterapp/public/AProductType.swift"; sourceTree = "<group>"; };
		B1C603CB232B85CE003D7749 /* APIPRODUCTSRVEntities.swift */ = {isa = PBXFileReference; fileEncoding = 4; lastKnownFileType = sourcecode.swift; name = APIPRODUCTSRVEntities.swift; path = "Proxy Classes/com.sap.bp.productmasterapp/public/APIPRODUCTSRVEntities.swift"; sourceTree = "<group>"; };
		B1C603CC232B85CE003D7749 /* AProductPlantType.swift */ = {isa = PBXFileReference; fileEncoding = 4; lastKnownFileType = sourcecode.swift; name = AProductPlantType.swift; path = "Proxy Classes/com.sap.bp.productmasterapp/public/AProductPlantType.swift"; sourceTree = "<group>"; };
		B1C603CD232B85CE003D7749 /* AProductSalesDeliveryType.swift */ = {isa = PBXFileReference; fileEncoding = 4; lastKnownFileType = sourcecode.swift; name = AProductSalesDeliveryType.swift; path = "Proxy Classes/com.sap.bp.productmasterapp/public/AProductSalesDeliveryType.swift"; sourceTree = "<group>"; };
		B1C603CE232B85CE003D7749 /* AProductBasicTextType.swift */ = {isa = PBXFileReference; fileEncoding = 4; lastKnownFileType = sourcecode.swift; name = AProductBasicTextType.swift; path = "Proxy Classes/com.sap.bp.productmasterapp/public/AProductBasicTextType.swift"; sourceTree = "<group>"; };
		B1C66147232FAC2000D31D6D /* SectionTableViewCell.xib */ = {isa = PBXFileReference; fileEncoding = 4; lastKnownFileType = file.xib; name = SectionTableViewCell.xib; path = ViewControllers/SectionTableViewCell.xib; sourceTree = "<group>"; };
		B1C66148232FAC2000D31D6D /* DescriptionDetailViewController.swift */ = {isa = PBXFileReference; fileEncoding = 4; lastKnownFileType = sourcecode.swift; name = DescriptionDetailViewController.swift; path = ViewControllers/DescriptionDetailViewController.swift; sourceTree = "<group>"; };
		B1C66149232FAC2000D31D6D /* SectionTableViewCell.swift */ = {isa = PBXFileReference; fileEncoding = 4; lastKnownFileType = sourcecode.swift; name = SectionTableViewCell.swift; path = ViewControllers/SectionTableViewCell.swift; sourceTree = "<group>"; };
		B1C6614A232FAC2100D31D6D /* SalesDetailViewController.swift */ = {isa = PBXFileReference; fileEncoding = 4; lastKnownFileType = sourcecode.swift; name = SalesDetailViewController.swift; path = ViewControllers/SalesDetailViewController.swift; sourceTree = "<group>"; };
		B1C6614B232FAC2100D31D6D /* MasterViewController.swift */ = {isa = PBXFileReference; fileEncoding = 4; lastKnownFileType = sourcecode.swift; name = MasterViewController.swift; path = ViewControllers/MasterViewController.swift; sourceTree = "<group>"; };
		B1C6614C232FAC2100D31D6D /* DetailViewController.swift */ = {isa = PBXFileReference; fileEncoding = 4; lastKnownFileType = sourcecode.swift; name = DetailViewController.swift; path = ViewControllers/DetailViewController.swift; sourceTree = "<group>"; };
		B1C6614D232FAC2100D31D6D /* PlantDetailViewController.swift */ = {isa = PBXFileReference; fileEncoding = 4; lastKnownFileType = sourcecode.swift; name = PlantDetailViewController.swift; path = ViewControllers/PlantDetailViewController.swift; sourceTree = "<group>"; };
		B1CB760B2344BDEB00A865F8 /* OfflineODataController.swift */ = {isa = PBXFileReference; fileEncoding = 4; lastKnownFileType = sourcecode.swift; name = OfflineODataController.swift; path = OData/OfflineODataController.swift; sourceTree = "<group>"; };
		B1CB760C2344BDEB00A865F8 /* ODataOnboardingStep.swift */ = {isa = PBXFileReference; fileEncoding = 4; lastKnownFileType = sourcecode.swift; name = ODataOnboardingStep.swift; path = OData/ODataOnboardingStep.swift; sourceTree = "<group>"; };
		CB909D801E38CA8800218154 /* Base */ = {isa = PBXFileReference; lastKnownFileType = file.storyboard; name = Base; path = Base.lproj/Main.storyboard; sourceTree = "<group>"; };
/* End PBXFileReference section */

/* Begin PBXFrameworksBuildPhase section */
		7A1315B21D4B982000A5DA56 /* Frameworks */ = {
			isa = PBXFrameworksBuildPhase;
			buildActionMask = 2147483647;
			files = (
				B1B2311E234376FE009CC3EB /* SAPFoundation.framework in Frameworks */,
				B1B23112234376DA009CC3EB /* SAPFiori.framework in Frameworks */,
				B1B23120234376FE009CC3EB /* SAPOData.framework in Frameworks */,
				B1B23116234376DA009CC3EB /* SAPOfflineOData.framework in Frameworks */,
				B1B2311C234376FE009CC3EB /* SAPFioriFlows.framework in Frameworks */,
				B1B23117234376DA009CC3EB /* SAPCommon.framework in Frameworks */,
			);
			runOnlyForDeploymentPostprocessing = 0;
		};
/* End PBXFrameworksBuildPhase section */

/* Begin PBXGroup section */
		12D066CB1F4DDAE40075EBA4 /* Onboarding */ = {
			isa = PBXGroup;
			children = (
				B11D55F92327BB7600B7120C /* ApplicationUIManager.swift */,
				B11D55FA2327BB7600B7120C /* ConfigurationProvider.plist */,
				B11D55F72327BB7600B7120C /* OnboardingErrorHandler.swift */,
				B11D55F82327BB7600B7120C /* OnboardingFlowProvider.swift */,
			);
			name = Onboarding;
			sourceTree = "<group>";
		};
		1739BDC41B0B25CC4433CC60 /* public */ = {
			isa = PBXGroup;
			children = (
				B1C603CB232B85CE003D7749 /* APIPRODUCTSRVEntities.swift */,
				B1C603C9232B85CE003D7749 /* APIPRODUCTSRVEntitiesMetadata.swift */,
				B1C603CE232B85CE003D7749 /* AProductBasicTextType.swift */,
				B1C603C8232B85CE003D7749 /* AProductDescriptionType.swift */,
				B1C603CC232B85CE003D7749 /* AProductPlantType.swift */,
				B1C603CD232B85CE003D7749 /* AProductSalesDeliveryType.swift */,
				B1C603CA232B85CE003D7749 /* AProductType.swift */,
			);
			name = public;
			sourceTree = "<group>";
		};
		2A2FB7503C6DF6A69F707993 /* internal */ = {
			isa = PBXGroup;
			children = (
				B1C603BE232B85C0003D7749 /* APIPRODUCTSRVEntitiesFactory.swift */,
				B1C603C0232B85C0003D7749 /* APIPRODUCTSRVEntitiesMetadataChanges.swift */,
				B1C603C2232B85C0003D7749 /* APIPRODUCTSRVEntitiesMetadataParser.swift */,
				B1C603C1232B85C0003D7749 /* APIPRODUCTSRVEntitiesMetadataText.swift */,
				B1C603BF232B85C0003D7749 /* APIPRODUCTSRVEntitiesStaticResolver.swift */,
			);
			name = internal;
			sourceTree = "<group>";
		};
		755C10B41D5C63B000ECF6A2 /* Utils */ = {
			isa = PBXGroup;
			children = (
				B11D56012327CE1100B7120C /* AlertHelper.swift */,
				B11D56052327CE9B00B7120C /* CellHelper.swift */,
				B11D56042327CE9B00B7120C /* SAPFioriLoadingIndicator.swift */,
				B11D56032327CE9B00B7120C /* SectionHandler.swift */,
				B11D56062327CE9B00B7120C /* ServiceConfiguration.swift */,
				B10F6C16234DE2250093D953 /* QueryDefinitionHelper.swift */,
			);
			name = Utils;
			sourceTree = "<group>";
		};
		75AC42C81DAF80C000B445FF /* ViewControllers */ = {
			isa = PBXGroup;
			children = (
				B1C6614B232FAC2100D31D6D /* MasterViewController.swift */,
				B1C6614C232FAC2100D31D6D /* DetailViewController.swift */,
				B1C66148232FAC2000D31D6D /* DescriptionDetailViewController.swift */,
				B1C6614D232FAC2100D31D6D /* PlantDetailViewController.swift */,
				B1C6614A232FAC2100D31D6D /* SalesDetailViewController.swift */,
				B1C66149232FAC2000D31D6D /* SectionTableViewCell.swift */,
				B1C66147232FAC2000D31D6D /* SectionTableViewCell.xib */,
			);
			name = ViewControllers;
			sourceTree = "<group>";
		};
		75D373EF1DD1FB0800888D4C /* Proxy Classes */ = {
			isa = PBXGroup;
			children = (
				2A2FB7503C6DF6A69F707993 /* internal */,
				1739BDC41B0B25CC4433CC60 /* public */,
			);
			name = "Proxy Classes";
			sourceTree = "<group>";
		};
		7A1315AC1D4B982000A5DA56 = {
			isa = PBXGroup;
			children = (
				7A16F06C1FD1B3C700D2FABD /* README.md */,
				7A1315B71D4B982000A5DA56 /* productmasterapp */,
				7A1315B61D4B982000A5DA56 /* Products */,
				7A1315CC1D4B990B00A5DA56 /* Frameworks */,
			);
			sourceTree = "<group>";
		};
		7A1315B61D4B982000A5DA56 /* Products */ = {
			isa = PBXGroup;
			children = (
				7A1315B51D4B982000A5DA56 /* Product Master.app */,
			);
			name = Products;
			sourceTree = "<group>";
		};
		7A1315B71D4B982000A5DA56 /* productmasterapp */ = {
			isa = PBXGroup;
			children = (
				B11D55F22327A0B400B7120C /* OData */,
				12D066CB1F4DDAE40075EBA4 /* Onboarding */,
				75AC42C81DAF80C000B445FF /* ViewControllers */,
				75D373EF1DD1FB0800888D4C /* Proxy Classes */,
				755C10B41D5C63B000ECF6A2 /* Utils */,
				7A1315B81D4B982000A5DA56 /* AppDelegate.swift */,
				B1BC9CB62326487900E2D7E4 /* LocalizedStrings.swift */,
				CBCA7A9B1E3778A9001AF49E /* Main.storyboard */,
				7A1315C11D4B982000A5DA56 /* Assets.xcassets */,
				7A1315C31D4B982000A5DA56 /* LaunchScreen.storyboard */,
				1277F7601F8E66AC0060AF58 /* SAPLogo@2x.png */,
				7A1315C61D4B982000A5DA56 /* Info.plist */,
			);
			path = productmasterapp;
			sourceTree = "<group>";
		};
		7A1315CC1D4B990B00A5DA56 /* Frameworks */ = {
			isa = PBXGroup;
			children = (
				B1B23111234376DA009CC3EB /* SAPCommon.framework */,
				B1B2310C234376DA009CC3EB /* SAPFiori.framework */,
				B1B2310D234376DA009CC3EB /* SAPFioriFlows.framework */,
				B1B2310E234376DA009CC3EB /* SAPFoundation.framework */,
				B1B2310F234376DA009CC3EB /* SAPOData.framework */,
				B1B23110234376DA009CC3EB /* SAPOfflineOData.framework */,
			);
			name = Frameworks;
			sourceTree = "<group>";
		};
		B11D55F22327A0B400B7120C /* OData */ = {
			isa = PBXGroup;
			children = (
				B1CB760C2344BDEB00A865F8 /* ODataOnboardingStep.swift */,
				B1CB760B2344BDEB00A865F8 /* OfflineODataController.swift */,
			);
			name = OData;
			sourceTree = "<group>";
		};
/* End PBXGroup section */

/* Begin PBXNativeTarget section */
		7A1315B41D4B982000A5DA56 /* productmasterapp */ = {
			isa = PBXNativeTarget;
			buildConfigurationList = 7A1315C91D4B982000A5DA56 /* Build configuration list for PBXNativeTarget "productmasterapp" */;
			buildPhases = (
				7A1315B11D4B982000A5DA56 /* Sources */,
				7A1315B21D4B982000A5DA56 /* Frameworks */,
				7A1315B31D4B982000A5DA56 /* Resources */,
				B1B23124234376FE009CC3EB /* Embed Frameworks */,
			);
			buildRules = (
			);
			dependencies = (
			);
			name = productmasterapp;
			productName = productmasterapp;
			productReference = 7A1315B51D4B982000A5DA56 /* Product Master.app */;
			productType = "com.apple.product-type.application";
		};
/* End PBXNativeTarget section */

/* Begin PBXProject section */
		7A1315AD1D4B982000A5DA56 /* Project object */ = {
			isa = PBXProject;
			attributes = {
				LastSwiftUpdateCheck = 0800;
				LastUpgradeCheck = 1030;
				ORGANIZATIONNAME = SAP;
				TargetAttributes = {
					7A1315B41D4B982000A5DA56 = {
						CreatedOnToolsVersion = 8.0;
						LastSwiftMigration = 0900;
						ProvisioningStyle = Automatic;
					};
				};
			};
			buildConfigurationList = 7A1315B01D4B982000A5DA56 /* Build configuration list for PBXProject "productmasterapp" */;
			compatibilityVersion = "Xcode 3.2";
			developmentRegion = en;
			hasScannedForEncodings = 0;
			knownRegions = (
				en,
				Base,
			);
			mainGroup = 7A1315AC1D4B982000A5DA56;
			productRefGroup = 7A1315B61D4B982000A5DA56 /* Products */;
			projectDirPath = "";
			projectRoot = "";
			targets = (
				7A1315B41D4B982000A5DA56 /* productmasterapp */,
			);
		};
/* End PBXProject section */

/* Begin PBXResourcesBuildPhase section */
		7A1315B31D4B982000A5DA56 /* Resources */ = {
			isa = PBXResourcesBuildPhase;
			buildActionMask = 2147483647;
			files = (
				7A16F06D1FD1B3C700D2FABD /* README.md in Resources */,
				B11D55FE2327BB7600B7120C /* ConfigurationProvider.plist in Resources */,
				7A1315C51D4B982000A5DA56 /* LaunchScreen.storyboard in Resources */,
				7A1315C21D4B982000A5DA56 /* Assets.xcassets in Resources */,
				CBCA7A991E3778A9001AF49E /* Main.storyboard in Resources */,
				1277F7611F8E66AF0060AF58 /* SAPLogo@2x.png in Resources */,
				B1C6614E232FAC2100D31D6D /* SectionTableViewCell.xib in Resources */,
			);
			runOnlyForDeploymentPostprocessing = 0;
		};
/* End PBXResourcesBuildPhase section */

/* Begin PBXSourcesBuildPhase section */
		7A1315B11D4B982000A5DA56 /* Sources */ = {
			isa = PBXSourcesBuildPhase;
			buildActionMask = 2147483647;
			files = (
				B1C66151232FAC2100D31D6D /* SalesDetailViewController.swift in Sources */,
				B1C603CF232B85CE003D7749 /* AProductDescriptionType.swift in Sources */,
				B11D56082327CE9B00B7120C /* SectionHandler.swift in Sources */,
				B1C603D5232B85CE003D7749 /* AProductBasicTextType.swift in Sources */,
				B1C603C4232B85C0003D7749 /* APIPRODUCTSRVEntitiesStaticResolver.swift in Sources */,
				B1C603D1232B85CE003D7749 /* AProductType.swift in Sources */,
				7A1315B91D4B982000A5DA56 /* AppDelegate.swift in Sources */,
				B1C66150232FAC2100D31D6D /* SectionTableViewCell.swift in Sources */,
				B1C603D3232B85CE003D7749 /* AProductPlantType.swift in Sources */,
				B1C603D0232B85CE003D7749 /* APIPRODUCTSRVEntitiesMetadata.swift in Sources */,
				B1C66152232FAC2100D31D6D /* MasterViewController.swift in Sources */,
				B1C603D4232B85CE003D7749 /* AProductSalesDeliveryType.swift in Sources */,
				B1C603D2232B85CE003D7749 /* APIPRODUCTSRVEntities.swift in Sources */,
				B1C603C6232B85C0003D7749 /* APIPRODUCTSRVEntitiesMetadataText.swift in Sources */,
				B11D56092327CE9B00B7120C /* SAPFioriLoadingIndicator.swift in Sources */,
				B11D560B2327CE9B00B7120C /* ServiceConfiguration.swift in Sources */,
				B1C603C3232B85C0003D7749 /* APIPRODUCTSRVEntitiesFactory.swift in Sources */,
				B1C603C5232B85C0003D7749 /* APIPRODUCTSRVEntitiesMetadataChanges.swift in Sources */,
				B11D55FC2327BB7600B7120C /* OnboardingFlowProvider.swift in Sources */,
				B1CB760D2344BDEB00A865F8 /* OfflineODataController.swift in Sources */,
				B10F6C17234DE2250093D953 /* QueryDefinitionHelper.swift in Sources */,
				B11D56022327CE1100B7120C /* AlertHelper.swift in Sources */,
				B1BC9CB72326487900E2D7E4 /* LocalizedStrings.swift in Sources */,
				B11D55FD2327BB7600B7120C /* ApplicationUIManager.swift in Sources */,
				B1C66154232FAC2100D31D6D /* PlantDetailViewController.swift in Sources */,
				B11D560A2327CE9B00B7120C /* CellHelper.swift in Sources */,
				B1CB760E2344BDEB00A865F8 /* ODataOnboardingStep.swift in Sources */,
				B11D55FB2327BB7600B7120C /* OnboardingErrorHandler.swift in Sources */,
				B1C66153232FAC2100D31D6D /* DetailViewController.swift in Sources */,
				B1C6614F232FAC2100D31D6D /* DescriptionDetailViewController.swift in Sources */,
				B1C603C7232B85C0003D7749 /* APIPRODUCTSRVEntitiesMetadataParser.swift in Sources */,
			);
			runOnlyForDeploymentPostprocessing = 0;
		};
/* End PBXSourcesBuildPhase section */

/* Begin PBXVariantGroup section */
		7A1315C31D4B982000A5DA56 /* LaunchScreen.storyboard */ = {
			isa = PBXVariantGroup;
			children = (
				7A1315C41D4B982000A5DA56 /* Base */,
			);
			name = LaunchScreen.storyboard;
			sourceTree = "<group>";
		};
		CBCA7A9B1E3778A9001AF49E /* Main.storyboard */ = {
			isa = PBXVariantGroup;
			children = (
				CB909D801E38CA8800218154 /* Base */,
			);
			name = Main.storyboard;
			sourceTree = "<group>";
		};
/* End PBXVariantGroup section */

/* Begin XCBuildConfiguration section */
		7A1315C71D4B982000A5DA56 /* Debug */ = {
			isa = XCBuildConfiguration;
			buildSettings = {
				ALWAYS_SEARCH_USER_PATHS = NO;
				CLANG_ANALYZER_LOCALIZABILITY_NONLOCALIZED = YES;
				CLANG_ANALYZER_NONNULL = YES;
				CLANG_CXX_LANGUAGE_STANDARD = "gnu++0x";
				CLANG_CXX_LIBRARY = "libc++";
				CLANG_ENABLE_MODULES = YES;
				CLANG_ENABLE_OBJC_ARC = YES;
				CLANG_WARN_BLOCK_CAPTURE_AUTORELEASING = YES;
				CLANG_WARN_BOOL_CONVERSION = YES;
				CLANG_WARN_COMMA = YES;
				CLANG_WARN_CONSTANT_CONVERSION = YES;
				CLANG_WARN_DEPRECATED_OBJC_IMPLEMENTATIONS = YES;
				CLANG_WARN_DIRECT_OBJC_ISA_USAGE = YES_ERROR;
				CLANG_WARN_DOCUMENTATION_COMMENTS = YES;
				CLANG_WARN_EMPTY_BODY = YES;
				CLANG_WARN_ENUM_CONVERSION = YES;
				CLANG_WARN_INFINITE_RECURSION = YES;
				CLANG_WARN_INT_CONVERSION = YES;
				CLANG_WARN_NON_LITERAL_NULL_CONVERSION = YES;
				CLANG_WARN_OBJC_IMPLICIT_RETAIN_SELF = YES;
				CLANG_WARN_OBJC_LITERAL_CONVERSION = YES;
				CLANG_WARN_OBJC_ROOT_CLASS = YES_ERROR;
				CLANG_WARN_RANGE_LOOP_ANALYSIS = YES;
				CLANG_WARN_STRICT_PROTOTYPES = YES;
				CLANG_WARN_SUSPICIOUS_MOVE = YES;
				CLANG_WARN_UNREACHABLE_CODE = YES;
				CLANG_WARN__DUPLICATE_METHOD_MATCH = YES;
				"CODE_SIGN_IDENTITY[sdk=iphoneos*]" = "iPhone Developer";
				COPY_PHASE_STRIP = NO;
				DEBUG_INFORMATION_FORMAT = dwarf;
				ENABLE_STRICT_OBJC_MSGSEND = YES;
				ENABLE_TESTABILITY = YES;
				GCC_C_LANGUAGE_STANDARD = gnu99;
				GCC_DYNAMIC_NO_PIC = NO;
				GCC_NO_COMMON_BLOCKS = YES;
				GCC_OPTIMIZATION_LEVEL = 0;
				GCC_PREPROCESSOR_DEFINITIONS = (
					"DEBUG=1",
					"$(inherited)",
				);
				GCC_WARN_64_TO_32_BIT_CONVERSION = YES;
				GCC_WARN_ABOUT_RETURN_TYPE = YES_ERROR;
				GCC_WARN_UNDECLARED_SELECTOR = YES;
				GCC_WARN_UNINITIALIZED_AUTOS = YES_AGGRESSIVE;
				GCC_WARN_UNUSED_FUNCTION = YES;
				GCC_WARN_UNUSED_VARIABLE = YES;
				IPHONEOS_DEPLOYMENT_TARGET = 11.1;
				LD_RUNPATH_SEARCH_PATHS = "@executable_path/Frameworks";
				MTL_ENABLE_DEBUG_INFO = YES;
				ONLY_ACTIVE_ARCH = YES;
				SDKROOT = iphoneos;
				SWIFT_ACTIVE_COMPILATION_CONDITIONS = DEBUG;
				SWIFT_OPTIMIZATION_LEVEL = "-Onone";
				SWIFT_VERSION = 5.0;
				TARGETED_DEVICE_FAMILY = "1,2";
			};
			name = Debug;
		};
		7A1315C81D4B982000A5DA56 /* Release */ = {
			isa = XCBuildConfiguration;
			buildSettings = {
				ALWAYS_SEARCH_USER_PATHS = NO;
				CLANG_ANALYZER_LOCALIZABILITY_NONLOCALIZED = YES;
				CLANG_ANALYZER_NONNULL = YES;
				CLANG_CXX_LANGUAGE_STANDARD = "gnu++0x";
				CLANG_CXX_LIBRARY = "libc++";
				CLANG_ENABLE_MODULES = YES;
				CLANG_ENABLE_OBJC_ARC = YES;
				CLANG_WARN_BLOCK_CAPTURE_AUTORELEASING = YES;
				CLANG_WARN_BOOL_CONVERSION = YES;
				CLANG_WARN_COMMA = YES;
				CLANG_WARN_CONSTANT_CONVERSION = YES;
				CLANG_WARN_DEPRECATED_OBJC_IMPLEMENTATIONS = YES;
				CLANG_WARN_DIRECT_OBJC_ISA_USAGE = YES_ERROR;
				CLANG_WARN_DOCUMENTATION_COMMENTS = YES;
				CLANG_WARN_EMPTY_BODY = YES;
				CLANG_WARN_ENUM_CONVERSION = YES;
				CLANG_WARN_INFINITE_RECURSION = YES;
				CLANG_WARN_INT_CONVERSION = YES;
				CLANG_WARN_NON_LITERAL_NULL_CONVERSION = YES;
				CLANG_WARN_OBJC_IMPLICIT_RETAIN_SELF = YES;
				CLANG_WARN_OBJC_LITERAL_CONVERSION = YES;
				CLANG_WARN_OBJC_ROOT_CLASS = YES_ERROR;
				CLANG_WARN_RANGE_LOOP_ANALYSIS = YES;
				CLANG_WARN_STRICT_PROTOTYPES = YES;
				CLANG_WARN_SUSPICIOUS_MOVE = YES;
				CLANG_WARN_UNREACHABLE_CODE = YES;
				CLANG_WARN__DUPLICATE_METHOD_MATCH = YES;
				"CODE_SIGN_IDENTITY[sdk=iphoneos*]" = "iPhone Developer";
				COPY_PHASE_STRIP = NO;
				DEBUG_INFORMATION_FORMAT = "dwarf-with-dsym";
				ENABLE_NS_ASSERTIONS = NO;
				ENABLE_STRICT_OBJC_MSGSEND = YES;
				GCC_C_LANGUAGE_STANDARD = gnu99;
				GCC_NO_COMMON_BLOCKS = YES;
				GCC_WARN_64_TO_32_BIT_CONVERSION = YES;
				GCC_WARN_ABOUT_RETURN_TYPE = YES_ERROR;
				GCC_WARN_UNDECLARED_SELECTOR = YES;
				GCC_WARN_UNINITIALIZED_AUTOS = YES_AGGRESSIVE;
				GCC_WARN_UNUSED_FUNCTION = YES;
				GCC_WARN_UNUSED_VARIABLE = YES;
				IPHONEOS_DEPLOYMENT_TARGET = 11.1;
				LD_RUNPATH_SEARCH_PATHS = "@executable_path/Frameworks";
				MTL_ENABLE_DEBUG_INFO = NO;
				SDKROOT = iphoneos;
				SWIFT_OPTIMIZATION_LEVEL = "-Owholemodule";
				SWIFT_VERSION = 5.0;
				TARGETED_DEVICE_FAMILY = "1,2";
				VALIDATE_PRODUCT = YES;
			};
			name = Release;
		};
		7A1315CA1D4B982000A5DA56 /* Debug */ = {
			isa = XCBuildConfiguration;
			buildSettings = {
				ASSETCATALOG_COMPILER_APPICON_NAME = AppIcon;
				CODE_SIGN_ENTITLEMENTS = "";
				CODE_SIGN_IDENTITY = "iPhone Developer";
				DEVELOPMENT_TEAM = "";
				EMBED_ASSET_PACKS_IN_PRODUCT_BUNDLE = NO;
				ENABLE_BITCODE = NO;
				FRAMEWORK_SEARCH_PATHS = (
					"$(inherited)",
					"$(PROJECT_DIR)",
				);
				INFOPLIST_FILE = productmasterapp/Info.plist;
				IPHONEOS_DEPLOYMENT_TARGET = 12.0;
				LD_RUNPATH_SEARCH_PATHS = "$(inherited) @executable_path/Frameworks";
				PRODUCT_BUNDLE_IDENTIFIER = com.sap.bp.productmasterapp;
				PRODUCT_NAME = "Product Master";
				SWIFT_SWIFT3_OBJC_INFERENCE = Default;
				SWIFT_VERSION = 5.0;
			};
			name = Debug;
		};
		7A1315CB1D4B982000A5DA56 /* Release */ = {
			isa = XCBuildConfiguration;
			buildSettings = {
				ASSETCATALOG_COMPILER_APPICON_NAME = AppIcon;
				CODE_SIGN_ENTITLEMENTS = "";
				CODE_SIGN_IDENTITY = "iPhone Developer";
				DEVELOPMENT_TEAM = "";
				EMBED_ASSET_PACKS_IN_PRODUCT_BUNDLE = NO;
				ENABLE_BITCODE = NO;
				FRAMEWORK_SEARCH_PATHS = (
					"$(inherited)",
					"$(PROJECT_DIR)",
				);
				INFOPLIST_FILE = productmasterapp/Info.plist;
				IPHONEOS_DEPLOYMENT_TARGET = 12.0;
				LD_RUNPATH_SEARCH_PATHS = "$(inherited) @executable_path/Frameworks";
				PRODUCT_BUNDLE_IDENTIFIER = com.sap.bp.productmasterapp;
				PRODUCT_NAME = "Product Master";
				SWIFT_SWIFT3_OBJC_INFERENCE = Default;
				SWIFT_VERSION = 5.0;
			};
			name = Release;
		};
/* End XCBuildConfiguration section */

/* Begin XCConfigurationList section */
		7A1315B01D4B982000A5DA56 /* Build configuration list for PBXProject "productmasterapp" */ = {
			isa = XCConfigurationList;
			buildConfigurations = (
				7A1315C71D4B982000A5DA56 /* Debug */,
				7A1315C81D4B982000A5DA56 /* Release */,
			);
			defaultConfigurationIsVisible = 0;
			defaultConfigurationName = Release;
		};
		7A1315C91D4B982000A5DA56 /* Build configuration list for PBXNativeTarget "productmasterapp" */ = {
			isa = XCConfigurationList;
			buildConfigurations = (
				7A1315CA1D4B982000A5DA56 /* Debug */,
				7A1315CB1D4B982000A5DA56 /* Release */,
			);
			defaultConfigurationIsVisible = 0;
			defaultConfigurationName = Release;
		};
/* End XCConfigurationList section */
	};
	rootObject = 7A1315AD1D4B982000A5DA56 /* Project object */;
}
